// !$*UTF8*$!
{
	archiveVersion = 1;
	classes = {
	};
	objectVersion = 56;
	objects = {

/* Begin PBXBuildFile section */
		64187FDE2BA57ED3007CC739 /* PeddleApp.swift in Sources */ = {isa = PBXBuildFile; fileRef = 64187FDD2BA57ED3007CC739 /* PeddleApp.swift */; };
		64187FE02BA57ED3007CC739 /* ContentView.swift in Sources */ = {isa = PBXBuildFile; fileRef = 64187FDF2BA57ED3007CC739 /* ContentView.swift */; };
		64187FE22BA57ED5007CC739 /* Assets.xcassets in Resources */ = {isa = PBXBuildFile; fileRef = 64187FE12BA57ED5007CC739 /* Assets.xcassets */; };
		64187FE52BA57ED5007CC739 /* Preview Assets.xcassets in Resources */ = {isa = PBXBuildFile; fileRef = 64187FE42BA57ED5007CC739 /* Preview Assets.xcassets */; };
		64187FEF2BA57ED5007CC739 /* PeddleTests.swift in Sources */ = {isa = PBXBuildFile; fileRef = 64187FEE2BA57ED5007CC739 /* PeddleTests.swift */; };
		64187FF92BA57ED5007CC739 /* PeddleUITests.swift in Sources */ = {isa = PBXBuildFile; fileRef = 64187FF82BA57ED5007CC739 /* PeddleUITests.swift */; };
		64187FFB2BA57ED5007CC739 /* PeddleUITestsLaunchTests.swift in Sources */ = {isa = PBXBuildFile; fileRef = 64187FFA2BA57ED5007CC739 /* PeddleUITestsLaunchTests.swift */; };
		645DFAA62BA6D22100D2E78D /* CGFloat+Presets.swift in Sources */ = {isa = PBXBuildFile; fileRef = 645DFAA02BA6D22100D2E78D /* CGFloat+Presets.swift */; };
		645DFAA92BA6D27700D2E78D /* Font+Presets.swift in Sources */ = {isa = PBXBuildFile; fileRef = 645DFAA82BA6D27700D2E78D /* Font+Presets.swift */; };
		64908F082BA98A6300F0D4C3 /* PeddleStrings.swift in Sources */ = {isa = PBXBuildFile; fileRef = 64908F072BA98A6300F0D4C3 /* PeddleStrings.swift */; };
		64908F1C2BAA491A00F0D4C3 /* ProfileView.swift in Sources */ = {isa = PBXBuildFile; fileRef = 64908F1B2BAA491A00F0D4C3 /* ProfileView.swift */; };
		64908F232BAA503300F0D4C3 /* ProfileTabBarItemView.swift in Sources */ = {isa = PBXBuildFile; fileRef = 64908F212BAA503300F0D4C3 /* ProfileTabBarItemView.swift */; };
		64908F262BAA527200F0D4C3 /* View+Modifiers.swift in Sources */ = {isa = PBXBuildFile; fileRef = 64908F242BAA527200F0D4C3 /* View+Modifiers.swift */; };
		64908F2B2BAA55A300F0D4C3 /* HomeView.swift in Sources */ = {isa = PBXBuildFile; fileRef = 64908F272BAA55A300F0D4C3 /* HomeView.swift */; };
		64908F2C2BAA55A300F0D4C3 /* ListingsView.swift in Sources */ = {isa = PBXBuildFile; fileRef = 64908F292BAA55A300F0D4C3 /* ListingsView.swift */; };
/* End PBXBuildFile section */

/* Begin PBXContainerItemProxy section */
		64187FEB2BA57ED5007CC739 /* PBXContainerItemProxy */ = {
			isa = PBXContainerItemProxy;
			containerPortal = 64187FD22BA57ED3007CC739 /* Project object */;
			proxyType = 1;
			remoteGlobalIDString = 64187FD92BA57ED3007CC739;
			remoteInfo = Peddle;
		};
		64187FF52BA57ED5007CC739 /* PBXContainerItemProxy */ = {
			isa = PBXContainerItemProxy;
			containerPortal = 64187FD22BA57ED3007CC739 /* Project object */;
			proxyType = 1;
			remoteGlobalIDString = 64187FD92BA57ED3007CC739;
			remoteInfo = Peddle;
		};
/* End PBXContainerItemProxy section */

/* Begin PBXFileReference section */
		64187FDA2BA57ED3007CC739 /* Peddle.app */ = {isa = PBXFileReference; explicitFileType = wrapper.application; includeInIndex = 0; path = Peddle.app; sourceTree = BUILT_PRODUCTS_DIR; };
		64187FDD2BA57ED3007CC739 /* PeddleApp.swift */ = {isa = PBXFileReference; lastKnownFileType = sourcecode.swift; path = PeddleApp.swift; sourceTree = "<group>"; };
		64187FDF2BA57ED3007CC739 /* ContentView.swift */ = {isa = PBXFileReference; lastKnownFileType = sourcecode.swift; path = ContentView.swift; sourceTree = "<group>"; };
		64187FE12BA57ED5007CC739 /* Assets.xcassets */ = {isa = PBXFileReference; lastKnownFileType = folder.assetcatalog; path = Assets.xcassets; sourceTree = "<group>"; };
		64187FE42BA57ED5007CC739 /* Preview Assets.xcassets */ = {isa = PBXFileReference; lastKnownFileType = folder.assetcatalog; path = "Preview Assets.xcassets"; sourceTree = "<group>"; };
		64187FEA2BA57ED5007CC739 /* PeddleTests.xctest */ = {isa = PBXFileReference; explicitFileType = wrapper.cfbundle; includeInIndex = 0; path = PeddleTests.xctest; sourceTree = BUILT_PRODUCTS_DIR; };
		64187FEE2BA57ED5007CC739 /* PeddleTests.swift */ = {isa = PBXFileReference; lastKnownFileType = sourcecode.swift; path = PeddleTests.swift; sourceTree = "<group>"; };
		64187FF42BA57ED5007CC739 /* PeddleUITests.xctest */ = {isa = PBXFileReference; explicitFileType = wrapper.cfbundle; includeInIndex = 0; path = PeddleUITests.xctest; sourceTree = BUILT_PRODUCTS_DIR; };
		64187FF82BA57ED5007CC739 /* PeddleUITests.swift */ = {isa = PBXFileReference; lastKnownFileType = sourcecode.swift; path = PeddleUITests.swift; sourceTree = "<group>"; };
		64187FFA2BA57ED5007CC739 /* PeddleUITestsLaunchTests.swift */ = {isa = PBXFileReference; lastKnownFileType = sourcecode.swift; path = PeddleUITestsLaunchTests.swift; sourceTree = "<group>"; };
		645DFAA02BA6D22100D2E78D /* CGFloat+Presets.swift */ = {isa = PBXFileReference; fileEncoding = 4; lastKnownFileType = sourcecode.swift; path = "CGFloat+Presets.swift"; sourceTree = "<group>"; };
		645DFAA82BA6D27700D2E78D /* Font+Presets.swift */ = {isa = PBXFileReference; lastKnownFileType = sourcecode.swift; path = "Font+Presets.swift"; sourceTree = "<group>"; };
		64908F072BA98A6300F0D4C3 /* PeddleStrings.swift */ = {isa = PBXFileReference; lastKnownFileType = sourcecode.swift; path = PeddleStrings.swift; sourceTree = "<group>"; };
		64908F1B2BAA491A00F0D4C3 /* ProfileView.swift */ = {isa = PBXFileReference; lastKnownFileType = sourcecode.swift; path = ProfileView.swift; sourceTree = "<group>"; };
		64908F212BAA503300F0D4C3 /* ProfileTabBarItemView.swift */ = {isa = PBXFileReference; fileEncoding = 4; lastKnownFileType = sourcecode.swift; path = ProfileTabBarItemView.swift; sourceTree = "<group>"; };
		64908F242BAA527200F0D4C3 /* View+Modifiers.swift */ = {isa = PBXFileReference; fileEncoding = 4; lastKnownFileType = sourcecode.swift; path = "View+Modifiers.swift"; sourceTree = "<group>"; };
		64908F272BAA55A300F0D4C3 /* HomeView.swift */ = {isa = PBXFileReference; fileEncoding = 4; lastKnownFileType = sourcecode.swift; path = HomeView.swift; sourceTree = "<group>"; };
		64908F292BAA55A300F0D4C3 /* ListingsView.swift */ = {isa = PBXFileReference; fileEncoding = 4; lastKnownFileType = sourcecode.swift; path = ListingsView.swift; sourceTree = "<group>"; };
/* End PBXFileReference section */

/* Begin PBXFrameworksBuildPhase section */
		64187FD72BA57ED3007CC739 /* Frameworks */ = {
			isa = PBXFrameworksBuildPhase;
			buildActionMask = 2147483647;
			files = (
			);
			runOnlyForDeploymentPostprocessing = 0;
		};
		64187FE72BA57ED5007CC739 /* Frameworks */ = {
			isa = PBXFrameworksBuildPhase;
			buildActionMask = 2147483647;
			files = (
			);
			runOnlyForDeploymentPostprocessing = 0;
		};
		64187FF12BA57ED5007CC739 /* Frameworks */ = {
			isa = PBXFrameworksBuildPhase;
			buildActionMask = 2147483647;
			files = (
			);
			runOnlyForDeploymentPostprocessing = 0;
		};
/* End PBXFrameworksBuildPhase section */

/* Begin PBXGroup section */
		64187FD12BA57ED3007CC739 = {
			isa = PBXGroup;
			children = (
				64187FDC2BA57ED3007CC739 /* Peddle */,
				645DFAA52BA6D22100D2E78D /* PeddleCore */,
				64187FED2BA57ED5007CC739 /* PeddleTests */,
				64187FF72BA57ED5007CC739 /* PeddleUITests */,
				64187FDB2BA57ED3007CC739 /* Products */,
			);
			sourceTree = "<group>";
		};
		64187FDB2BA57ED3007CC739 /* Products */ = {
			isa = PBXGroup;
			children = (
				64187FDA2BA57ED3007CC739 /* Peddle.app */,
				64187FEA2BA57ED5007CC739 /* PeddleTests.xctest */,
				64187FF42BA57ED5007CC739 /* PeddleUITests.xctest */,
			);
			name = Products;
			sourceTree = "<group>";
		};
		64187FDC2BA57ED3007CC739 /* Peddle */ = {
			isa = PBXGroup;
			children = (
				64908F252BAA527200F0D4C3 /* Extensions */,
				64908F092BA9903100F0D4C3 /* Features */,
				645DFAAD2BA6D4C600D2E78D /* Utilities */,
				64187FDD2BA57ED3007CC739 /* PeddleApp.swift */,
				64187FDF2BA57ED3007CC739 /* ContentView.swift */,
				64187FE12BA57ED5007CC739 /* Assets.xcassets */,
				64187FE32BA57ED5007CC739 /* Preview Content */,
			);
			path = Peddle;
			sourceTree = "<group>";
		};
		64187FE32BA57ED5007CC739 /* Preview Content */ = {
			isa = PBXGroup;
			children = (
				64187FE42BA57ED5007CC739 /* Preview Assets.xcassets */,
			);
			path = "Preview Content";
			sourceTree = "<group>";
		};
		64187FED2BA57ED5007CC739 /* PeddleTests */ = {
			isa = PBXGroup;
			children = (
				64187FEE2BA57ED5007CC739 /* PeddleTests.swift */,
			);
			path = PeddleTests;
			sourceTree = "<group>";
		};
		64187FF72BA57ED5007CC739 /* PeddleUITests */ = {
			isa = PBXGroup;
			children = (
				64187FF82BA57ED5007CC739 /* PeddleUITests.swift */,
				64187FFA2BA57ED5007CC739 /* PeddleUITestsLaunchTests.swift */,
			);
			path = PeddleUITests;
			sourceTree = "<group>";
		};
		645DFAA12BA6D22100D2E78D /* Presets */ = {
			isa = PBXGroup;
			children = (
				645DFAA02BA6D22100D2E78D /* CGFloat+Presets.swift */,
				645DFAA82BA6D27700D2E78D /* Font+Presets.swift */,
			);
			path = Presets;
			sourceTree = "<group>";
		};
		645DFAA42BA6D22100D2E78D /* UIComponents */ = {
			isa = PBXGroup;
			children = (
			);
			path = UIComponents;
			sourceTree = "<group>";
		};
		645DFAA52BA6D22100D2E78D /* PeddleCore */ = {
			isa = PBXGroup;
			children = (
				645DFAA12BA6D22100D2E78D /* Presets */,
				645DFAA42BA6D22100D2E78D /* UIComponents */,
			);
			path = PeddleCore;
			sourceTree = "<group>";
		};
		645DFAAD2BA6D4C600D2E78D /* Utilities */ = {
			isa = PBXGroup;
			children = (
				64908F072BA98A6300F0D4C3 /* PeddleStrings.swift */,
			);
			path = Utilities;
			sourceTree = "<group>";
		};
		64908F092BA9903100F0D4C3 /* Features */ = {
			isa = PBXGroup;
			children = (
				64908F222BAA503300F0D4C3 /* NavigationBar */,
				64908F282BAA55A300F0D4C3 /* Home */,
				64908F2A2BAA55A300F0D4C3 /* Listings */,
				64908F1A2BAA490B00F0D4C3 /* Profile */,
			);
			path = Features;
			sourceTree = "<group>";
		};
		64908F1A2BAA490B00F0D4C3 /* Profile */ = {
			isa = PBXGroup;
			children = (
				64908F1B2BAA491A00F0D4C3 /* ProfileView.swift */,
			);
			path = Profile;
			sourceTree = "<group>";
		};
		64908F222BAA503300F0D4C3 /* NavigationBar */ = {
			isa = PBXGroup;
			children = (
				64908F212BAA503300F0D4C3 /* ProfileTabBarItemView.swift */,
			);
			path = NavigationBar;
			sourceTree = "<group>";
		};
		64908F252BAA527200F0D4C3 /* Extensions */ = {
			isa = PBXGroup;
			children = (
				64908F242BAA527200F0D4C3 /* View+Modifiers.swift */,
			);
			path = Extensions;
			sourceTree = "<group>";
		};
		64908F282BAA55A300F0D4C3 /* Home */ = {
			isa = PBXGroup;
			children = (
				64908F272BAA55A300F0D4C3 /* HomeView.swift */,
			);
			path = Home;
			sourceTree = "<group>";
		};
		64908F2A2BAA55A300F0D4C3 /* Listings */ = {
			isa = PBXGroup;
			children = (
				64908F292BAA55A300F0D4C3 /* ListingsView.swift */,
			);
			path = Listings;
			sourceTree = "<group>";
		};
/* End PBXGroup section */

/* Begin PBXNativeTarget section */
		64187FD92BA57ED3007CC739 /* Peddle */ = {
			isa = PBXNativeTarget;
			buildConfigurationList = 64187FFE2BA57ED5007CC739 /* Build configuration list for PBXNativeTarget "Peddle" */;
			buildPhases = (
				64908F062BA8DD9E00F0D4C3 /* SwiftLint Run Script */,
				64187FD62BA57ED3007CC739 /* Sources */,
				64187FD72BA57ED3007CC739 /* Frameworks */,
				64187FD82BA57ED3007CC739 /* Resources */,
			);
			buildRules = (
			);
			dependencies = (
			);
			name = Peddle;
			productName = Peddle;
			productReference = 64187FDA2BA57ED3007CC739 /* Peddle.app */;
			productType = "com.apple.product-type.application";
		};
		64187FE92BA57ED5007CC739 /* PeddleTests */ = {
			isa = PBXNativeTarget;
			buildConfigurationList = 641880012BA57ED5007CC739 /* Build configuration list for PBXNativeTarget "PeddleTests" */;
			buildPhases = (
				64187FE62BA57ED5007CC739 /* Sources */,
				64187FE72BA57ED5007CC739 /* Frameworks */,
				64187FE82BA57ED5007CC739 /* Resources */,
			);
			buildRules = (
			);
			dependencies = (
				64187FEC2BA57ED5007CC739 /* PBXTargetDependency */,
			);
			name = PeddleTests;
			productName = PeddleTests;
			productReference = 64187FEA2BA57ED5007CC739 /* PeddleTests.xctest */;
			productType = "com.apple.product-type.bundle.unit-test";
		};
		64187FF32BA57ED5007CC739 /* PeddleUITests */ = {
			isa = PBXNativeTarget;
			buildConfigurationList = 641880042BA57ED5007CC739 /* Build configuration list for PBXNativeTarget "PeddleUITests" */;
			buildPhases = (
				64187FF02BA57ED5007CC739 /* Sources */,
				64187FF12BA57ED5007CC739 /* Frameworks */,
				64187FF22BA57ED5007CC739 /* Resources */,
			);
			buildRules = (
			);
			dependencies = (
				64187FF62BA57ED5007CC739 /* PBXTargetDependency */,
			);
			name = PeddleUITests;
			productName = PeddleUITests;
			productReference = 64187FF42BA57ED5007CC739 /* PeddleUITests.xctest */;
			productType = "com.apple.product-type.bundle.ui-testing";
		};
/* End PBXNativeTarget section */

/* Begin PBXProject section */
		64187FD22BA57ED3007CC739 /* Project object */ = {
			isa = PBXProject;
			attributes = {
				BuildIndependentTargetsInParallel = 1;
				LastSwiftUpdateCheck = 1530;
				LastUpgradeCheck = 1530;
				TargetAttributes = {
					64187FD92BA57ED3007CC739 = {
						CreatedOnToolsVersion = 15.3;
					};
					64187FE92BA57ED5007CC739 = {
						CreatedOnToolsVersion = 15.3;
						TestTargetID = 64187FD92BA57ED3007CC739;
					};
					64187FF32BA57ED5007CC739 = {
						CreatedOnToolsVersion = 15.3;
						TestTargetID = 64187FD92BA57ED3007CC739;
					};
				};
			};
			buildConfigurationList = 64187FD52BA57ED3007CC739 /* Build configuration list for PBXProject "Peddle" */;
			compatibilityVersion = "Xcode 14.0";
			developmentRegion = en;
			hasScannedForEncodings = 0;
			knownRegions = (
				en,
				Base,
			);
			mainGroup = 64187FD12BA57ED3007CC739;
			productRefGroup = 64187FDB2BA57ED3007CC739 /* Products */;
			projectDirPath = "";
			projectRoot = "";
			targets = (
				64187FD92BA57ED3007CC739 /* Peddle */,
				64187FE92BA57ED5007CC739 /* PeddleTests */,
				64187FF32BA57ED5007CC739 /* PeddleUITests */,
			);
		};
/* End PBXProject section */

/* Begin PBXResourcesBuildPhase section */
		64187FD82BA57ED3007CC739 /* Resources */ = {
			isa = PBXResourcesBuildPhase;
			buildActionMask = 2147483647;
			files = (
				64187FE52BA57ED5007CC739 /* Preview Assets.xcassets in Resources */,
				64187FE22BA57ED5007CC739 /* Assets.xcassets in Resources */,
			);
			runOnlyForDeploymentPostprocessing = 0;
		};
		64187FE82BA57ED5007CC739 /* Resources */ = {
			isa = PBXResourcesBuildPhase;
			buildActionMask = 2147483647;
			files = (
			);
			runOnlyForDeploymentPostprocessing = 0;
		};
		64187FF22BA57ED5007CC739 /* Resources */ = {
			isa = PBXResourcesBuildPhase;
			buildActionMask = 2147483647;
			files = (
			);
			runOnlyForDeploymentPostprocessing = 0;
		};
/* End PBXResourcesBuildPhase section */

/* Begin PBXShellScriptBuildPhase section */
		64908F062BA8DD9E00F0D4C3 /* SwiftLint Run Script */ = {
			isa = PBXShellScriptBuildPhase;
			alwaysOutOfDate = 1;
			buildActionMask = 2147483647;
			files = (
			);
			inputFileListPaths = (
			);
			inputPaths = (
			);
			name = "SwiftLint Run Script";
			outputFileListPaths = (
			);
			outputPaths = (
			);
			runOnlyForDeploymentPostprocessing = 0;
			shellPath = /bin/sh;
			shellScript = "if [[ \"$(uname -m)\" == arm64 ]]; then\n    export PATH=\"/opt/homebrew/bin:$PATH\"\nfi\n\nif which swiftlint >/dev/null; then\n    swiftlint --fix && swiftlint\nelse\n    echo \"warning: SwiftLint not installed, download from https://github.com/realm/SwiftLint\"\nfi\n";
		};
/* End PBXShellScriptBuildPhase section */

/* Begin PBXSourcesBuildPhase section */
		64187FD62BA57ED3007CC739 /* Sources */ = {
			isa = PBXSourcesBuildPhase;
			buildActionMask = 2147483647;
			files = (
				64908F2B2BAA55A300F0D4C3 /* HomeView.swift in Sources */,
				64187FE02BA57ED3007CC739 /* ContentView.swift in Sources */,
				64908F1C2BAA491A00F0D4C3 /* ProfileView.swift in Sources */,
				645DFAA92BA6D27700D2E78D /* Font+Presets.swift in Sources */,
				64187FDE2BA57ED3007CC739 /* PeddleApp.swift in Sources */,
				645DFAA62BA6D22100D2E78D /* CGFloat+Presets.swift in Sources */,
				64908F232BAA503300F0D4C3 /* ProfileTabBarItemView.swift in Sources */,
				64908F082BA98A6300F0D4C3 /* PeddleStrings.swift in Sources */,
				64908F262BAA527200F0D4C3 /* View+Modifiers.swift in Sources */,
				64908F2C2BAA55A300F0D4C3 /* ListingsView.swift in Sources */,
			);
			runOnlyForDeploymentPostprocessing = 0;
		};
		64187FE62BA57ED5007CC739 /* Sources */ = {
			isa = PBXSourcesBuildPhase;
			buildActionMask = 2147483647;
			files = (
				64187FEF2BA57ED5007CC739 /* PeddleTests.swift in Sources */,
			);
			runOnlyForDeploymentPostprocessing = 0;
		};
		64187FF02BA57ED5007CC739 /* Sources */ = {
			isa = PBXSourcesBuildPhase;
			buildActionMask = 2147483647;
			files = (
				64187FFB2BA57ED5007CC739 /* PeddleUITestsLaunchTests.swift in Sources */,
				64187FF92BA57ED5007CC739 /* PeddleUITests.swift in Sources */,
			);
			runOnlyForDeploymentPostprocessing = 0;
		};
/* End PBXSourcesBuildPhase section */

/* Begin PBXTargetDependency section */
		64187FEC2BA57ED5007CC739 /* PBXTargetDependency */ = {
			isa = PBXTargetDependency;
			target = 64187FD92BA57ED3007CC739 /* Peddle */;
			targetProxy = 64187FEB2BA57ED5007CC739 /* PBXContainerItemProxy */;
		};
		64187FF62BA57ED5007CC739 /* PBXTargetDependency */ = {
			isa = PBXTargetDependency;
			target = 64187FD92BA57ED3007CC739 /* Peddle */;
			targetProxy = 64187FF52BA57ED5007CC739 /* PBXContainerItemProxy */;
		};
/* End PBXTargetDependency section */

/* Begin XCBuildConfiguration section */
		64187FFC2BA57ED5007CC739 /* Debug */ = {
			isa = XCBuildConfiguration;
			buildSettings = {
				ALWAYS_SEARCH_USER_PATHS = NO;
				ASSETCATALOG_COMPILER_GENERATE_SWIFT_ASSET_SYMBOL_EXTENSIONS = YES;
				CLANG_ANALYZER_NONNULL = YES;
				CLANG_ANALYZER_NUMBER_OBJECT_CONVERSION = YES_AGGRESSIVE;
				CLANG_CXX_LANGUAGE_STANDARD = "gnu++20";
				CLANG_ENABLE_MODULES = YES;
				CLANG_ENABLE_OBJC_ARC = YES;
				CLANG_ENABLE_OBJC_WEAK = YES;
				CLANG_WARN_BLOCK_CAPTURE_AUTORELEASING = YES;
				CLANG_WARN_BOOL_CONVERSION = YES;
				CLANG_WARN_COMMA = YES;
				CLANG_WARN_CONSTANT_CONVERSION = YES;
				CLANG_WARN_DEPRECATED_OBJC_IMPLEMENTATIONS = YES;
				CLANG_WARN_DIRECT_OBJC_ISA_USAGE = YES_ERROR;
				CLANG_WARN_DOCUMENTATION_COMMENTS = YES;
				CLANG_WARN_EMPTY_BODY = YES;
				CLANG_WARN_ENUM_CONVERSION = YES;
				CLANG_WARN_INFINITE_RECURSION = YES;
				CLANG_WARN_INT_CONVERSION = YES;
				CLANG_WARN_NON_LITERAL_NULL_CONVERSION = YES;
				CLANG_WARN_OBJC_IMPLICIT_RETAIN_SELF = YES;
				CLANG_WARN_OBJC_LITERAL_CONVERSION = YES;
				CLANG_WARN_OBJC_ROOT_CLASS = YES_ERROR;
				CLANG_WARN_QUOTED_INCLUDE_IN_FRAMEWORK_HEADER = YES;
				CLANG_WARN_RANGE_LOOP_ANALYSIS = YES;
				CLANG_WARN_STRICT_PROTOTYPES = YES;
				CLANG_WARN_SUSPICIOUS_MOVE = YES;
				CLANG_WARN_UNGUARDED_AVAILABILITY = YES_AGGRESSIVE;
				CLANG_WARN_UNREACHABLE_CODE = YES;
				CLANG_WARN__DUPLICATE_METHOD_MATCH = YES;
				COPY_PHASE_STRIP = NO;
				DEBUG_INFORMATION_FORMAT = dwarf;
				ENABLE_STRICT_OBJC_MSGSEND = YES;
				ENABLE_TESTABILITY = YES;
				ENABLE_USER_SCRIPT_SANDBOXING = YES;
				GCC_C_LANGUAGE_STANDARD = gnu17;
				GCC_DYNAMIC_NO_PIC = NO;
				GCC_NO_COMMON_BLOCKS = YES;
				GCC_OPTIMIZATION_LEVEL = 0;
				GCC_PREPROCESSOR_DEFINITIONS = (
					"DEBUG=1",
					"$(inherited)",
				);
				GCC_WARN_64_TO_32_BIT_CONVERSION = YES;
				GCC_WARN_ABOUT_RETURN_TYPE = YES_ERROR;
				GCC_WARN_UNDECLARED_SELECTOR = YES;
				GCC_WARN_UNINITIALIZED_AUTOS = YES_AGGRESSIVE;
				GCC_WARN_UNUSED_FUNCTION = YES;
				GCC_WARN_UNUSED_VARIABLE = YES;
				IPHONEOS_DEPLOYMENT_TARGET = 17.4;
				LOCALIZATION_PREFERS_STRING_CATALOGS = YES;
				MTL_ENABLE_DEBUG_INFO = INCLUDE_SOURCE;
				MTL_FAST_MATH = YES;
				ONLY_ACTIVE_ARCH = YES;
				SDKROOT = iphoneos;
				SWIFT_ACTIVE_COMPILATION_CONDITIONS = "DEBUG $(inherited)";
				SWIFT_OPTIMIZATION_LEVEL = "-Onone";
			};
			name = Debug;
		};
		64187FFD2BA57ED5007CC739 /* Release */ = {
			isa = XCBuildConfiguration;
			buildSettings = {
				ALWAYS_SEARCH_USER_PATHS = NO;
				ASSETCATALOG_COMPILER_GENERATE_SWIFT_ASSET_SYMBOL_EXTENSIONS = YES;
				CLANG_ANALYZER_NONNULL = YES;
				CLANG_ANALYZER_NUMBER_OBJECT_CONVERSION = YES_AGGRESSIVE;
				CLANG_CXX_LANGUAGE_STANDARD = "gnu++20";
				CLANG_ENABLE_MODULES = YES;
				CLANG_ENABLE_OBJC_ARC = YES;
				CLANG_ENABLE_OBJC_WEAK = YES;
				CLANG_WARN_BLOCK_CAPTURE_AUTORELEASING = YES;
				CLANG_WARN_BOOL_CONVERSION = YES;
				CLANG_WARN_COMMA = YES;
				CLANG_WARN_CONSTANT_CONVERSION = YES;
				CLANG_WARN_DEPRECATED_OBJC_IMPLEMENTATIONS = YES;
				CLANG_WARN_DIRECT_OBJC_ISA_USAGE = YES_ERROR;
				CLANG_WARN_DOCUMENTATION_COMMENTS = YES;
				CLANG_WARN_EMPTY_BODY = YES;
				CLANG_WARN_ENUM_CONVERSION = YES;
				CLANG_WARN_INFINITE_RECURSION = YES;
				CLANG_WARN_INT_CONVERSION = YES;
				CLANG_WARN_NON_LITERAL_NULL_CONVERSION = YES;
				CLANG_WARN_OBJC_IMPLICIT_RETAIN_SELF = YES;
				CLANG_WARN_OBJC_LITERAL_CONVERSION = YES;
				CLANG_WARN_OBJC_ROOT_CLASS = YES_ERROR;
				CLANG_WARN_QUOTED_INCLUDE_IN_FRAMEWORK_HEADER = YES;
				CLANG_WARN_RANGE_LOOP_ANALYSIS = YES;
				CLANG_WARN_STRICT_PROTOTYPES = YES;
				CLANG_WARN_SUSPICIOUS_MOVE = YES;
				CLANG_WARN_UNGUARDED_AVAILABILITY = YES_AGGRESSIVE;
				CLANG_WARN_UNREACHABLE_CODE = YES;
				CLANG_WARN__DUPLICATE_METHOD_MATCH = YES;
				COPY_PHASE_STRIP = NO;
				DEBUG_INFORMATION_FORMAT = "dwarf-with-dsym";
				ENABLE_NS_ASSERTIONS = NO;
				ENABLE_STRICT_OBJC_MSGSEND = YES;
				ENABLE_USER_SCRIPT_SANDBOXING = YES;
				GCC_C_LANGUAGE_STANDARD = gnu17;
				GCC_NO_COMMON_BLOCKS = YES;
				GCC_WARN_64_TO_32_BIT_CONVERSION = YES;
				GCC_WARN_ABOUT_RETURN_TYPE = YES_ERROR;
				GCC_WARN_UNDECLARED_SELECTOR = YES;
				GCC_WARN_UNINITIALIZED_AUTOS = YES_AGGRESSIVE;
				GCC_WARN_UNUSED_FUNCTION = YES;
				GCC_WARN_UNUSED_VARIABLE = YES;
				IPHONEOS_DEPLOYMENT_TARGET = 17.4;
				LOCALIZATION_PREFERS_STRING_CATALOGS = YES;
				MTL_ENABLE_DEBUG_INFO = NO;
				MTL_FAST_MATH = YES;
				SDKROOT = iphoneos;
				SWIFT_COMPILATION_MODE = wholemodule;
				VALIDATE_PRODUCT = YES;
			};
			name = Release;
		};
		64187FFF2BA57ED5007CC739 /* Debug */ = {
			isa = XCBuildConfiguration;
			buildSettings = {
				ASSETCATALOG_COMPILER_APPICON_NAME = AppIcon;
				ASSETCATALOG_COMPILER_GLOBAL_ACCENT_COLOR_NAME = AccentColor;
				CODE_SIGN_STYLE = Automatic;
				CURRENT_PROJECT_VERSION = 1;
				DEVELOPMENT_ASSET_PATHS = "\"Peddle/Preview Content\"";
				DEVELOPMENT_TEAM = ZMNGHMDVJ2;
				ENABLE_PREVIEWS = YES;
				ENABLE_USER_SCRIPT_SANDBOXING = NO;
				GENERATE_INFOPLIST_FILE = YES;
				INFOPLIST_KEY_CFBundleDisplayName = Peddle;
				INFOPLIST_KEY_UIApplicationSceneManifest_Generation = YES;
				INFOPLIST_KEY_UIApplicationSupportsIndirectInputEvents = YES;
				INFOPLIST_KEY_UILaunchScreen_Generation = YES;
				INFOPLIST_KEY_UISupportedInterfaceOrientations_iPad = "UIInterfaceOrientationPortrait UIInterfaceOrientationPortraitUpsideDown UIInterfaceOrientationLandscapeLeft UIInterfaceOrientationLandscapeRight";
				INFOPLIST_KEY_UISupportedInterfaceOrientations_iPhone = "UIInterfaceOrientationPortrait UIInterfaceOrientationLandscapeLeft UIInterfaceOrientationLandscapeRight";
				IPHONEOS_DEPLOYMENT_TARGET = 16.0;
				LD_RUNPATH_SEARCH_PATHS = (
					"$(inherited)",
					"@executable_path/Frameworks",
				);
				MARKETING_VERSION = 1.0;
				PRODUCT_BUNDLE_IDENTIFIER = com.yuechenyu.Peddle;
				PRODUCT_NAME = "$(TARGET_NAME)";
				SWIFT_EMIT_LOC_STRINGS = YES;
				SWIFT_VERSION = 5.0;
				TARGETED_DEVICE_FAMILY = "1,2";
			};
			name = Debug;
		};
		641880002BA57ED5007CC739 /* Release */ = {
			isa = XCBuildConfiguration;
			buildSettings = {
				ASSETCATALOG_COMPILER_APPICON_NAME = AppIcon;
				ASSETCATALOG_COMPILER_GLOBAL_ACCENT_COLOR_NAME = AccentColor;
				CODE_SIGN_STYLE = Automatic;
				CURRENT_PROJECT_VERSION = 1;
				DEVELOPMENT_ASSET_PATHS = "\"Peddle/Preview Content\"";
				DEVELOPMENT_TEAM = ZMNGHMDVJ2;
				ENABLE_PREVIEWS = YES;
				ENABLE_USER_SCRIPT_SANDBOXING = NO;
				GENERATE_INFOPLIST_FILE = YES;
				INFOPLIST_KEY_CFBundleDisplayName = Peddle;
				INFOPLIST_KEY_UIApplicationSceneManifest_Generation = YES;
				INFOPLIST_KEY_UIApplicationSupportsIndirectInputEvents = YES;
				INFOPLIST_KEY_UILaunchScreen_Generation = YES;
				INFOPLIST_KEY_UISupportedInterfaceOrientations_iPad = "UIInterfaceOrientationPortrait UIInterfaceOrientationPortraitUpsideDown UIInterfaceOrientationLandscapeLeft UIInterfaceOrientationLandscapeRight";
				INFOPLIST_KEY_UISupportedInterfaceOrientations_iPhone = "UIInterfaceOrientationPortrait UIInterfaceOrientationLandscapeLeft UIInterfaceOrientationLandscapeRight";
				IPHONEOS_DEPLOYMENT_TARGET = 16.0;
				LD_RUNPATH_SEARCH_PATHS = (
					"$(inherited)",
					"@executable_path/Frameworks",
				);
				MARKETING_VERSION = 1.0;
				PRODUCT_BUNDLE_IDENTIFIER = com.yuechenyu.Peddle;
				PRODUCT_NAME = "$(TARGET_NAME)";
				SWIFT_EMIT_LOC_STRINGS = YES;
				SWIFT_VERSION = 5.0;
				TARGETED_DEVICE_FAMILY = "1,2";
			};
			name = Release;
		};
		641880022BA57ED5007CC739 /* Debug */ = {
			isa = XCBuildConfiguration;
			buildSettings = {
				ALWAYS_EMBED_SWIFT_STANDARD_LIBRARIES = YES;
				BUNDLE_LOADER = "$(TEST_HOST)";
				CODE_SIGN_STYLE = Automatic;
				CURRENT_PROJECT_VERSION = 1;
				DEVELOPMENT_TEAM = ZMNGHMDVJ2;
				GENERATE_INFOPLIST_FILE = YES;
				IPHONEOS_DEPLOYMENT_TARGET = 17.4;
				MARKETING_VERSION = 1.0;
				PRODUCT_BUNDLE_IDENTIFIER = com.yuechenyu.PeddleTests;
				PRODUCT_NAME = "$(TARGET_NAME)";
				SWIFT_EMIT_LOC_STRINGS = NO;
				SWIFT_VERSION = 5.0;
				TARGETED_DEVICE_FAMILY = "1,2";
				TEST_HOST = "$(BUILT_PRODUCTS_DIR)/Peddle.app/$(BUNDLE_EXECUTABLE_FOLDER_PATH)/Peddle";
			};
			name = Debug;
		};
		641880032BA57ED5007CC739 /* Release */ = {
			isa = XCBuildConfiguration;
			buildSettings = {
				ALWAYS_EMBED_SWIFT_STANDARD_LIBRARIES = YES;
				BUNDLE_LOADER = "$(TEST_HOST)";
				CODE_SIGN_STYLE = Automatic;
				CURRENT_PROJECT_VERSION = 1;
				DEVELOPMENT_TEAM = ZMNGHMDVJ2;
				GENERATE_INFOPLIST_FILE = YES;
				IPHONEOS_DEPLOYMENT_TARGET = 17.4;
				MARKETING_VERSION = 1.0;
				PRODUCT_BUNDLE_IDENTIFIER = com.yuechenyu.PeddleTests;
				PRODUCT_NAME = "$(TARGET_NAME)";
				SWIFT_EMIT_LOC_STRINGS = NO;
				SWIFT_VERSION = 5.0;
				TARGETED_DEVICE_FAMILY = "1,2";
				TEST_HOST = "$(BUILT_PRODUCTS_DIR)/Peddle.app/$(BUNDLE_EXECUTABLE_FOLDER_PATH)/Peddle";
			};
			name = Release;
		};
		641880052BA57ED5007CC739 /* Debug */ = {
			isa = XCBuildConfiguration;
			buildSettings = {
				ALWAYS_EMBED_SWIFT_STANDARD_LIBRARIES = YES;
				CODE_SIGN_STYLE = Automatic;
				CURRENT_PROJECT_VERSION = 1;
				DEVELOPMENT_TEAM = ZMNGHMDVJ2;
				GENERATE_INFOPLIST_FILE = YES;
				MARKETING_VERSION = 1.0;
				PRODUCT_BUNDLE_IDENTIFIER = com.yuechenyu.PeddleUITests;
				PRODUCT_NAME = "$(TARGET_NAME)";
				SWIFT_EMIT_LOC_STRINGS = NO;
				SWIFT_VERSION = 5.0;
				TARGETED_DEVICE_FAMILY = "1,2";
				TEST_TARGET_NAME = Peddle;
			};
			name = Debug;
		};
		641880062BA57ED5007CC739 /* Release */ = {
			isa = XCBuildConfiguration;
			buildSettings = {
				ALWAYS_EMBED_SWIFT_STANDARD_LIBRARIES = YES;
				CODE_SIGN_STYLE = Automatic;
				CURRENT_PROJECT_VERSION = 1;
				DEVELOPMENT_TEAM = ZMNGHMDVJ2;
				GENERATE_INFOPLIST_FILE = YES;
				MARKETING_VERSION = 1.0;
				PRODUCT_BUNDLE_IDENTIFIER = com.yuechenyu.PeddleUITests;
				PRODUCT_NAME = "$(TARGET_NAME)";
				SWIFT_EMIT_LOC_STRINGS = NO;
				SWIFT_VERSION = 5.0;
				TARGETED_DEVICE_FAMILY = "1,2";
				TEST_TARGET_NAME = Peddle;
			};
			name = Release;
		};
/* End XCBuildConfiguration section */

/* Begin XCConfigurationList section */
		64187FD52BA57ED3007CC739 /* Build configuration list for PBXProject "Peddle" */ = {
			isa = XCConfigurationList;
			buildConfigurations = (
				64187FFC2BA57ED5007CC739 /* Debug */,
				64187FFD2BA57ED5007CC739 /* Release */,
			);
			defaultConfigurationIsVisible = 0;
			defaultConfigurationName = Release;
		};
		64187FFE2BA57ED5007CC739 /* Build configuration list for PBXNativeTarget "Peddle" */ = {
			isa = XCConfigurationList;
			buildConfigurations = (
				64187FFF2BA57ED5007CC739 /* Debug */,
				641880002BA57ED5007CC739 /* Release */,
			);
			defaultConfigurationIsVisible = 0;
			defaultConfigurationName = Release;
		};
		641880012BA57ED5007CC739 /* Build configuration list for PBXNativeTarget "PeddleTests" */ = {
			isa = XCConfigurationList;
			buildConfigurations = (
				641880022BA57ED5007CC739 /* Debug */,
				641880032BA57ED5007CC739 /* Release */,
			);
			defaultConfigurationIsVisible = 0;
			defaultConfigurationName = Release;
		};
		641880042BA57ED5007CC739 /* Build configuration list for PBXNativeTarget "PeddleUITests" */ = {
			isa = XCConfigurationList;
			buildConfigurations = (
				641880052BA57ED5007CC739 /* Debug */,
				641880062BA57ED5007CC739 /* Release */,
			);
			defaultConfigurationIsVisible = 0;
			defaultConfigurationName = Release;
		};
/* End XCConfigurationList section */
	};
	rootObject = 64187FD22BA57ED3007CC739 /* Project object */;
}
